
Microsoft Visual Studio Solution File, Format Version 12.00
Project("{FAE04EC0-301F-11D3-BF4B-00C04F79EFBC}") = "Mindflow-backend", "Mindflow-backend\Mindflow-backend.csproj", "{F73E5327-3CA5-43B2-A2CC-CF54CA46E9A8}"
EndProject
Project("{FAE04EC0-301F-11D3-BF4B-00C04F79EFBC}") = "Mindflow-backend.Tests", "Mindflow-backend.Tests\Mindflow-backend.Tests.csproj", "{16EEDD86-8CA6-429B-83BE-6FABB65A1A22}"
EndProject
Global
	GlobalSection(SolutionConfigurationPlatforms) = preSolution
		Debug|Any CPU = Debug|Any CPU
		Debug|x64 = Debug|x64
		Debug|x86 = Debug|x86
		Release|Any CPU = Release|Any CPU
		Release|x64 = Release|x64
		Release|x86 = Release|x86
	EndGlobalSection
	GlobalSection(ProjectConfigurationPlatforms) = postSolution
		{F73E5327-3CA5-43B2-A2CC-CF54CA46E9A8}.Debug|Any CPU.ActiveCfg = Debug|Any CPU
		{F73E5327-3CA5-43B2-A2CC-CF54CA46E9A8}.Debug|Any CPU.Build.0 = Debug|Any CPU
		{F73E5327-3CA5-43B2-A2CC-CF54CA46E9A8}.Debug|x64.ActiveCfg = Debug|Any CPU
		{F73E5327-3CA5-43B2-A2CC-CF54CA46E9A8}.Debug|x64.Build.0 = Debug|Any CPU
		{F73E5327-3CA5-43B2-A2CC-CF54CA46E9A8}.Debug|x86.ActiveCfg = Debug|Any CPU
		{F73E5327-3CA5-43B2-A2CC-CF54CA46E9A8}.Debug|x86.Build.0 = Debug|Any CPU
		{F73E5327-3CA5-43B2-A2CC-CF54CA46E9A8}.Release|Any CPU.ActiveCfg = Release|Any CPU
		{F73E5327-3CA5-43B2-A2CC-CF54CA46E9A8}.Release|Any CPU.Build.0 = Release|Any CPU
		{F73E5327-3CA5-43B2-A2CC-CF54CA46E9A8}.Release|x64.ActiveCfg = Release|Any CPU
		{F73E5327-3CA5-43B2-A2CC-CF54CA46E9A8}.Release|x64.Build.0 = Release|Any CPU
		{F73E5327-3CA5-43B2-A2CC-CF54CA46E9A8}.Release|x86.ActiveCfg = Release|Any CPU
		{F73E5327-3CA5-43B2-A2CC-CF54CA46E9A8}.Release|x86.Build.0 = Release|Any CPU
		{16EEDD86-8CA6-429B-83BE-6FABB65A1A22}.Debug|Any CPU.ActiveCfg = Debug|Any CPU
		{16EEDD86-8CA6-429B-83BE-6FABB65A1A22}.Debug|Any CPU.Build.0 = Debug|Any CPU
		{16EEDD86-8CA6-429B-83BE-6FABB65A1A22}.Debug|x64.ActiveCfg = Debug|Any CPU
		{16EEDD86-8CA6-429B-83BE-6FABB65A1A22}.Debug|x64.Build.0 = Debug|Any CPU
		{16EEDD86-8CA6-429B-83BE-6FABB65A1A22}.Debug|x86.ActiveCfg = Debug|Any CPU
		{16EEDD86-8CA6-429B-83BE-6FABB65A1A22}.Debug|x86.Build.0 = Debug|Any CPU
		{16EEDD86-8CA6-429B-83BE-6FABB65A1A22}.Release|Any CPU.ActiveCfg = Release|Any CPU
		{16EEDD86-8CA6-429B-83BE-6FABB65A1A22}.Release|Any CPU.Build.0 = Release|Any CPU
		{16EEDD86-8CA6-429B-83BE-6FABB65A1A22}.Release|x64.ActiveCfg = Release|Any CPU
		{16EEDD86-8CA6-429B-83BE-6FABB65A1A22}.Release|x64.Build.0 = Release|Any CPU
		{16EEDD86-8CA6-429B-83BE-6FABB65A1A22}.Release|x86.ActiveCfg = Release|Any CPU
		{16EEDD86-8CA6-429B-83BE-6FABB65A1A22}.Release|x86.Build.0 = Release|Any CPU
	EndGlobalSection
	GlobalSection(SolutionProperties) = preSolution
		HideSolutionNode = FALSE
	EndGlobalSection
EndGlobal
